
Microsoft Visual Studio Solution File, Format Version 12.00
# Visual Studio Version 17
VisualStudioVersion = 17.10.34916.146
MinimumVisualStudioVersion = 10.0.40219.1
Project("{FAE04EC0-301F-11D3-BF4B-00C04F79EFBC}") = "Travels", "Travels.csproj", "{02375553-A5B1-4837-B677-F3750597883B}"
EndProject
Global
	GlobalSection(SolutionConfigurationPlatforms) = preSolution
		Debug|Any CPU = Debug|Any CPU
		Release|Any CPU = Release|Any CPU
	EndGlobalSection
	GlobalSection(ProjectConfigurationPlatforms) = postSolution
		{02375553-A5B1-4837-B677-F3750597883B}.Debug|Any CPU.ActiveCfg = Debug|Any CPU
		{02375553-A5B1-4837-B677-F3750597883B}.Debug|Any CPU.Build.0 = Debug|Any CPU
		{02375553-A5B1-4837-B677-F3750597883B}.Debug|Any CPU.Deploy.0 = Debug|Any CPU
		{02375553-A5B1-4837-B677-F3750597883B}.Release|Any CPU.ActiveCfg = Release|Any CPU
		{02375553-A5B1-4837-B677-F3750597883B}.Release|Any CPU.Build.0 = Release|Any CPU
		{02375553-A5B1-4837-B677-F3750597883B}.Release|Any CPU.Deploy.0 = Release|Any CPU
	EndGlobalSection
	GlobalSection(SolutionProperties) = preSolution
		HideSolutionNode = FALSE
	EndGlobalSection
	GlobalSection(ExtensibilityGlobals) = postSolution
		SolutionGuid = {926202EE-8FEE-4249-9FEF-38F1AEFAA494}
	EndGlobalSection
EndGlobal
